
Microsoft Visual Studio Solution File, Format Version 12.00
# Visual Studio Version 17
VisualStudioVersion = 17.0.31903.59
MinimumVisualStudioVersion = 10.0.40219.1
Project("{2150E333-8FDC-42A3-9474-1A3956D46DE8}") = "Persistance", "Persistance", "{0D10CA71-E5AD-4C0B-9DA3-8E02A1805EDD}"
EndProject
Project("{9A19103F-16F7-4668-BE54-9A1E7A4F7556}") = "Alpaki.ProductManager.Internal.Persistance", "Alpaki.ProductManager.Internal.Persistance\Alpaki.ProductManager.Internal.Persistance.csproj", "{2B25818B-173D-4987-8188-CE18BA71A848}"
EndProject
Project("{2150E333-8FDC-42A3-9474-1A3956D46DE8}") = "Tests", "Tests", "{85D97BDD-369A-4E81-AAA7-9C21D1A50871}"
EndProject
Project("{9A19103F-16F7-4668-BE54-9A1E7A4F7556}") = "Alpaki.ProductManager.Internal.Functional.Tests", "tests\Alpaki.ProductManager.Internal.Functional.Tests\Alpaki.ProductManager.Internal.Functional.Tests.csproj", "{965B87F0-FBCC-44A6-AFBC-6DDE9320915F}"
EndProject
Project("{9A19103F-16F7-4668-BE54-9A1E7A4F7556}") = "Alpaki.ProductManager.Internal.Service", "Alpaki.ProductManager.Internal.Service\Alpaki.ProductManager.Internal.Service.csproj", "{47E311BE-4876-4B88-A2DF-E6BA48F8221E}"
EndProject
Project("{9A19103F-16F7-4668-BE54-9A1E7A4F7556}") = "Alpaki.ProductManager.Internal.Api", "Alpaki.ProductManager.Internal.Api\Alpaki.ProductManager.Internal.Api.csproj", "{A2C03D6E-152C-44D3-A537-F8B0AD55AA83}"
EndProject
Project("{2150E333-8FDC-42A3-9474-1A3956D46DE8}") = "Infrastructure", "Infrastructure", "{160A0487-BD4F-4779-88AD-934FFF90F8FF}"
EndProject
Global
	GlobalSection(SolutionConfigurationPlatforms) = preSolution
		Debug|Any CPU = Debug|Any CPU
		Release|Any CPU = Release|Any CPU
	EndGlobalSection
	GlobalSection(ProjectConfigurationPlatforms) = postSolution
		{2B25818B-173D-4987-8188-CE18BA71A848}.Debug|Any CPU.ActiveCfg = Debug|Any CPU
		{2B25818B-173D-4987-8188-CE18BA71A848}.Debug|Any CPU.Build.0 = Debug|Any CPU
		{2B25818B-173D-4987-8188-CE18BA71A848}.Release|Any CPU.ActiveCfg = Release|Any CPU
		{2B25818B-173D-4987-8188-CE18BA71A848}.Release|Any CPU.Build.0 = Release|Any CPU
		{965B87F0-FBCC-44A6-AFBC-6DDE9320915F}.Debug|Any CPU.ActiveCfg = Debug|Any CPU
		{965B87F0-FBCC-44A6-AFBC-6DDE9320915F}.Debug|Any CPU.Build.0 = Debug|Any CPU
		{965B87F0-FBCC-44A6-AFBC-6DDE9320915F}.Release|Any CPU.ActiveCfg = Release|Any CPU
		{965B87F0-FBCC-44A6-AFBC-6DDE9320915F}.Release|Any CPU.Build.0 = Release|Any CPU
		{47E311BE-4876-4B88-A2DF-E6BA48F8221E}.Debug|Any CPU.ActiveCfg = Debug|Any CPU
		{47E311BE-4876-4B88-A2DF-E6BA48F8221E}.Debug|Any CPU.Build.0 = Debug|Any CPU
		{47E311BE-4876-4B88-A2DF-E6BA48F8221E}.Release|Any CPU.ActiveCfg = Release|Any CPU
		{47E311BE-4876-4B88-A2DF-E6BA48F8221E}.Release|Any CPU.Build.0 = Release|Any CPU
		{A2C03D6E-152C-44D3-A537-F8B0AD55AA83}.Debug|Any CPU.ActiveCfg = Debug|Any CPU
		{A2C03D6E-152C-44D3-A537-F8B0AD55AA83}.Debug|Any CPU.Build.0 = Debug|Any CPU
		{A2C03D6E-152C-44D3-A537-F8B0AD55AA83}.Release|Any CPU.ActiveCfg = Release|Any CPU
		{A2C03D6E-152C-44D3-A537-F8B0AD55AA83}.Release|Any CPU.Build.0 = Release|Any CPU
	EndGlobalSection
	GlobalSection(SolutionProperties) = preSolution
		HideSolutionNode = FALSE
	EndGlobalSection
	GlobalSection(NestedProjects) = preSolution
		{2B25818B-173D-4987-8188-CE18BA71A848} = {0D10CA71-E5AD-4C0B-9DA3-8E02A1805EDD}
		{965B87F0-FBCC-44A6-AFBC-6DDE9320915F} = {85D97BDD-369A-4E81-AAA7-9C21D1A50871}
	EndGlobalSection
	GlobalSection(ExtensibilityGlobals) = postSolution
		SolutionGuid = {5CCB144A-3CD9-4523-9B1C-3AFB6C848393}
	EndGlobalSection
EndGlobal
